
Microsoft Visual Studio Solution File, Format Version 11.00
# Visual C++ Express 2010
Project("{8BC9CEB8-8B4A-11D0-8D11-00A0C91BC942}") = "libninja", "libninja\libninja.vcxproj", "{DDB25450-9043-4C6B-A434-DAB6DEDC6CDE}"
EndProject
Project("{8BC9CEB8-8B4A-11D0-8D11-00A0C91BC942}") = "ninja", "ninja\ninja.vcxproj", "{91CF2657-400D-48B9-BB1C-8275826314A7}"
	ProjectSection(ProjectDependencies) = postProject
		{DDB25450-9043-4C6B-A434-DAB6DEDC6CDE} = {DDB25450-9043-4C6B-A434-DAB6DEDC6CDE}
	EndProjectSection
EndProject
Global
	GlobalSection(SolutionConfigurationPlatforms) = preSolution
		Debug|Win32 = Debug|Win32
		Release|Win32 = Release|Win32
	EndGlobalSection
	GlobalSection(ProjectConfigurationPlatforms) = postSolution
		{DDB25450-9043-4C6B-A434-DAB6DEDC6CDE}.Debug|Win32.ActiveCfg = Debug|Win32
		{DDB25450-9043-4C6B-A434-DAB6DEDC6CDE}.Debug|Win32.Build.0 = Debug|Win32
		{DDB25450-9043-4C6B-A434-DAB6DEDC6CDE}.Release|Win32.ActiveCfg = Release|Win32
		{DDB25450-9043-4C6B-A434-DAB6DEDC6CDE}.Release|Win32.Build.0 = Release|Win32
		{91CF2657-400D-48B9-BB1C-8275826314A7}.Debug|Win32.ActiveCfg = Debug|Win32
		{91CF2657-400D-48B9-BB1C-8275826314A7}.Debug|Win32.Build.0 = Debug|Win32
		{91CF2657-400D-48B9-BB1C-8275826314A7}.Release|Win32.ActiveCfg = Release|Win32
		{91CF2657-400D-48B9-BB1C-8275826314A7}.Release|Win32.Build.0 = Release|Win32
	EndGlobalSection
	GlobalSection(SolutionProperties) = preSolution
		HideSolutionNode = FALSE
	EndGlobalSection
EndGlobal
