<?xml version="1.0" encoding="utf-8"?>
<Project ToolsVersion="4.0" xmlns="http://schemas.microsoft.com/developer/msbuild/2003">
  <ItemGroup>
    <Filter Include="Source Files">
      <UniqueIdentifier>{4FC737F1-C7A5-4376-A066-2A32D752A2FF}</UniqueIdentifier>
      <Extensions>cpp;c;cc;cxx;def;odl;idl;hpj;bat;asm;asmx</Extensions>
    </Filter>
    <Filter Include="Header Files">
      <UniqueIdentifier>{93995380-89BD-4b04-88EB-625FBE52EBFB}</UniqueIdentifier>
      <Extensions>h;hpp;hxx;hm;inl;inc;xsd</Extensions>
    </Filter>
    <Filter Include="Resource Files">
      <UniqueIdentifier>{67DA6AB6-F800-4c08-8B7A-83BB121AAD01}</UniqueIdentifier>
      <Extensions>rc;ico;cur;bmp;dlg;rc2;rct;bin;rgs;gif;jpg;jpeg;jpe;resx;tiff;tif;png;wav</Extensions>
    </Filter>
  </ItemGroup>
  <ItemGroup>
    <ClCompile Include="build.cc">
      <Filter>Source Files</Filter>
    </ClCompile>
    <ClCompile Include="build_log.cc">
      <Filter>Source Files</Filter>
    </ClCompile>
    <ClCompile Include="build_log_test.cc">
      <Filter>Source Files</Filter>
    </ClCompile>
    <ClCompile Include="build_test.cc">
      <Filter>Source Files</Filter>
    </ClCompile>
    <ClCompile Include="eval_env.cc">
      <Filter>Source Files</Filter>
    </ClCompile>
    <ClCompile Include="graph.cc">
      <Filter>Source Files</Filter>
    </ClCompile>
    <ClCompile Include="ninja.cc">
      <Filter>Source Files</Filter>
    </ClCompile>
    <ClCompile Include="ninja_jumble.cc">
      <Filter>Source Files</Filter>
    </ClCompile>
    <ClCompile Include="ninja_test.cc">
      <Filter>Source Files</Filter>
    </ClCompile>
    <ClCompile Include="parsers.cc">
      <Filter>Source Files</Filter>
    </ClCompile>
    <ClCompile Include="parsers_test.cc">
      <Filter>Source Files</Filter>
    </ClCompile>
    <ClCompile Include="subprocess.cc">
      <Filter>Source Files</Filter>
    </ClCompile>
    <ClCompile Include="subprocess_test.cc">
      <Filter>Source Files</Filter>
    </ClCompile>
    <ClCompile Include="util.cc">
      <Filter>Source Files</Filter>
    </ClCompile>
    <ClCompile Include="getopt.c">
      <Filter>Source Files</Filter>
    </ClCompile>
    <ClCompile Include="subprocess.win32.cpp">
      <Filter>Source Files</Filter>
    </ClCompile>
    <ClCompile Include="graphviz.cc">
      <Filter>Source Files</Filter>
    </ClCompile>
  </ItemGroup>
  <ItemGroup>
    <ClInclude Include="build.h">
      <Filter>Header Files</Filter>
    </ClInclude>
    <ClInclude Include="build_log.h">
      <Filter>Header Files</Filter>
    </ClInclude>
    <ClInclude Include="eval_env.h">
      <Filter>Header Files</Filter>
    </ClInclude>
    <ClInclude Include="graph.h">
      <Filter>Header Files</Filter>
    </ClInclude>
    <ClInclude Include="graphviz.h">
      <Filter>Header Files</Filter>
    </ClInclude>
    <ClInclude Include="hash_map.h">
      <Filter>Header Files</Filter>
    </ClInclude>
    <ClInclude Include="ninja.h">
      <Filter>Header Files</Filter>
    </ClInclude>
    <ClInclude Include="parsers.h">
      <Filter>Header Files</Filter>
    </ClInclude>
    <ClInclude Include="subprocess.h">
      <Filter>Header Files</Filter>
    </ClInclude>
    <ClInclude Include="test.h">
      <Filter>Header Files</Filter>
    </ClInclude>
    <ClInclude Include="util.h">
      <Filter>Header Files</Filter>
    </ClInclude>
    <ClInclude Include="win32port.h">
      <Filter>Header Files</Filter>
    </ClInclude>
    <ClInclude Include="getopt.h">
      <Filter>Header Files</Filter>
    </ClInclude>
  </ItemGroup>
  <ItemGroup>
    <None Include="..\todo" />
  </ItemGroup>
</Project>